
Microsoft Visual Studio Solution File, Format Version 12.00
# Visual Studio 14
VisualStudioVersion = 14.0.25123.0
MinimumVisualStudioVersion = 10.0.40219.1
Project("{F2A71F9B-5D33-465A-A702-920D77279786}") = "TestXamarin", "TestXamarin\TestXamarin.fsproj", "{A65A3EE9-339D-4BB1-A649-6E1F41723E47}"
EndProject
Global
	GlobalSection(SolutionConfigurationPlatforms) = preSolution
		Debug|Any CPU = Debug|Any CPU
		Release|Any CPU = Release|Any CPU
	EndGlobalSection
	GlobalSection(ProjectConfigurationPlatforms) = postSolution
		{A65A3EE9-339D-4BB1-A649-6E1F41723E47}.Debug|Any CPU.ActiveCfg = Debug|Any CPU
		{A65A3EE9-339D-4BB1-A649-6E1F41723E47}.Debug|Any CPU.Build.0 = Debug|Any CPU
		{A65A3EE9-339D-4BB1-A649-6E1F41723E47}.Debug|Any CPU.Deploy.0 = Debug|Any CPU
		{A65A3EE9-339D-4BB1-A649-6E1F41723E47}.Release|Any CPU.ActiveCfg = Release|Any CPU
		{A65A3EE9-339D-4BB1-A649-6E1F41723E47}.Release|Any CPU.Build.0 = Release|Any CPU
		{A65A3EE9-339D-4BB1-A649-6E1F41723E47}.Release|Any CPU.Deploy.0 = Release|Any CPU
	EndGlobalSection
	GlobalSection(SolutionProperties) = preSolution
		HideSolutionNode = FALSE
	EndGlobalSection
EndGlobal
